
Microsoft Visual Studio Solution File, Format Version 12.00
# Visual Studio Version 16
VisualStudioVersion = 16.0.30503.244
MinimumVisualStudioVersion = 10.0.40219.1
Project("{F184B08F-C81C-45F6-A57F-5ABD9991F28F}") = "ERPNDV", "ERPNDV\ERPNDV.vbproj", "{DC98D1AE-9F83-4CB9-B3CC-5D6A088EFF60}"
EndProject
Project("{2150E333-8FDC-42A3-9474-1A3956D46DE8}") = "Common", "Common", "{1CDC0817-D563-4B29-8247-B90DFB18D251}"
EndProject
Project("{F184B08F-C81C-45F6-A57F-5ABD9991F28F}") = "CommonDB", "Common\CommonDB.vbproj", "{DB7E75FD-887E-4C54-A3C4-A42CFAEAC6F7}"
EndProject
Project("{F184B08F-C81C-45F6-A57F-5ABD9991F28F}") = "PublicUtility", "PublicUtility\PublicUtility.vbproj", "{E0CD795E-43BF-4FF5-9605-563EB53E9BBF}"
EndProject
Project("{F184B08F-C81C-45F6-A57F-5ABD9991F28F}") = "UtilityControl", "UtilityControl\UtilityControl.vbproj", "{71BF981E-C557-4A74-8450-390C431F0223}"
EndProject
Project("{2150E333-8FDC-42A3-9474-1A3956D46DE8}") = "GA", "GA", "{3EAD4200-5202-448A-9247-4D8FCED7B431}"
EndProject
Project("{F184B08F-C81C-45F6-A57F-5ABD9991F28F}") = "LibEntity", "LibEntity\LibEntity.vbproj", "{C8D9B253-BB8A-4180-B3E6-CA2254AA764F}"
EndProject
Project("{F184B08F-C81C-45F6-A57F-5ABD9991F28F}") = "LibContractLabor", "LibContractLabor\LibContractLabor.vbproj", "{89915709-0AA9-4DB5-9D3E-4322B3C8BA73}"
EndProject
Project("{F184B08F-C81C-45F6-A57F-5ABD9991F28F}") = "LibGA_StaffAssessment", "LibGA_StaffAssessment\LibGA_StaffAssessment.vbproj", "{F3BAC8CC-1385-4157-9563-F808D1ED1C23}"
EndProject
Project("{F184B08F-C81C-45F6-A57F-5ABD9991F28F}") = "LibGA_TrainingManagement", "LibGA_TrainingManagement\LibGA_TrainingManagement.vbproj", "{4BDA8E9D-DA83-498C-BC77-64DBB19B45B1}"
EndProject
Project("{F184B08F-C81C-45F6-A57F-5ABD9991F28F}") = "LibHRReport", "LibHRReport\LibHRReport.vbproj", "{98F60A91-4EBE-47A9-9A79-2E40AF04EA25}"
EndProject
Project("{2150E333-8FDC-42A3-9474-1A3956D46DE8}") = "IT", "IT", "{E1B220F6-60B6-4BED-8D53-F9FDB80BF8A6}"
EndProject
Project("{F184B08F-C81C-45F6-A57F-5ABD9991F28F}") = "LibIT_NewTreeListAndForm", "LibIT_NewTreeListAndForm\LibIT_NewTreeListAndForm.vbproj", "{84AAA05B-8EA5-47EF-A242-16B4E962EB10}"
EndProject
Project("{F184B08F-C81C-45F6-A57F-5ABD9991F28F}") = "LibITAutoCopy", "LibITAutoCopy\LibITAutoCopy.vbproj", "{5A6E876B-843D-4A90-B95C-BB94BCA9CFB6}"
EndProject
Project("{2150E333-8FDC-42A3-9474-1A3956D46DE8}") = "PS", "PS", "{F17AF5E4-1A10-440E-9B6C-DAD2C7F1E2C4}"
EndProject
Project("{F184B08F-C81C-45F6-A57F-5ABD9991F28F}") = "LibPUR", "LibPUR\LibPUR.vbproj", "{CC06AAE5-CA82-4BF4-8A33-5CB69641D550}"
EndProject
Project("{F184B08F-C81C-45F6-A57F-5ABD9991F28F}") = "LibPUAriba", "LibPUAriba\LibPUAriba.vbproj", "{B4EEB962-4D67-4781-97D7-B60F11DC3E04}"
EndProject
Project("{2150E333-8FDC-42A3-9474-1A3956D46DE8}") = "PR1", "PR1", "{0F68B197-CCB9-4F09-988C-7182BB03EBA3}"
EndProject
Project("{F184B08F-C81C-45F6-A57F-5ABD9991F28F}") = "LibPR1_VerifyFinalImageJudgment", "LibPR1_VerifyFinalImageJudgment\LibPR1_VerifyFinalImageJudgment.vbproj", "{7E023FB5-D419-45C1-8DE6-7DE9FD676059}"
EndProject
Project("{F184B08F-C81C-45F6-A57F-5ABD9991F28F}") = "LibBudgetPR", "LibBudgetPR\LibBudgetPR.vbproj", "{978686D0-FFD8-4168-82BD-D8DAEB11C69E}"
EndProject
Project("{F184B08F-C81C-45F6-A57F-5ABD9991F28F}") = "LibCountOffDay", "LibCountOffDay\LibCountOffDay.vbproj", "{22CF95E1-6354-4D5C-A71A-9732F808F5BD}"
EndProject
Project("{2150E333-8FDC-42A3-9474-1A3956D46DE8}") = "PR3", "PR3", "{C6581AE2-4734-4993-B1EB-E77DED912F47}"
EndProject
Project("{F184B08F-C81C-45F6-A57F-5ABD9991F28F}") = "LibReportInspection", "LibReportInspection\LibReportInspection.vbproj", "{D4AD0079-D9E8-419A-9DD4-F20BF4D49DCC}"
EndProject
Project("{2150E333-8FDC-42A3-9474-1A3956D46DE8}") = "PP", "PP", "{9F86CDC4-1D20-477A-8BB1-FDF9270910D7}"
EndProject
Project("{F184B08F-C81C-45F6-A57F-5ABD9991F28F}") = "LibPlanMaterial", "LibPlanMaterial\LibPlanMaterial.vbproj", "{7A4FD928-B1DB-4BEE-9596-B95595999AE4}"
EndProject
Project("{F184B08F-C81C-45F6-A57F-5ABD9991F28F}") = "LibStandardTGGC", "LibStandardTGGC\LibStandardTGGC.vbproj", "{9ABFA20B-536B-49B2-AB0B-8A5471DFE244}"
EndProject
Project("{2150E333-8FDC-42A3-9474-1A3956D46DE8}") = "QC", "QC", "{2B850E64-6F12-4790-9CF6-67FC304E7D4C}"
EndProject
Project("{F184B08F-C81C-45F6-A57F-5ABD9991F28F}") = "LibEMM", "LibEMM\LibEMM.vbproj", "{D96E7253-54F5-4E56-A70F-273C12AA6BA2}"
EndProject
Project("{F184B08F-C81C-45F6-A57F-5ABD9991F28F}") = "LibKQCVQC", "LibKQCVQC\LibKQCVQC.vbproj", "{29839992-6631-4437-A565-4B05126F1121}"
EndProject
Project("{F184B08F-C81C-45F6-A57F-5ABD9991F28F}") = "LibResultBackend", "LibResultBackend\LibResultBackend.vbproj", "{721F3242-3133-4976-BF73-59B9D3324D66}"
EndProject
Project("{F184B08F-C81C-45F6-A57F-5ABD9991F28F}") = "LibQCGMeasurement", "LibQCGMeasurement\LibQCGMeasurement.vbproj", "{432A9D30-FF3A-44E4-85B6-70780DEF9784}"
EndProject
Project("{2150E333-8FDC-42A3-9474-1A3956D46DE8}") = "QA", "QA", "{51431909-4654-435D-BFC1-A917AB0953EC}"
EndProject
Project("{F184B08F-C81C-45F6-A57F-5ABD9991F28F}") = "LibEquipManagement", "LibEquidManagement\LibEquipManagement.vbproj", "{FFE54EBF-D8C1-4F4C-B455-3756CE47FBBF}"
EndProject
Project("{F184B08F-C81C-45F6-A57F-5ABD9991F28F}") = "LibQA_SampleSendingWarning", "LibQA_SampleSendingWarning\LibQA_SampleSendingWarning.vbproj", "{4DC892C3-5617-4445-8995-25C6C6AE6219}"
EndProject
Project("{2150E333-8FDC-42A3-9474-1A3956D46DE8}") = "LO", "LO", "{F86F7EF3-DDC1-4A05-BB1E-69F87308161D}"
EndProject
Project("{F184B08F-C81C-45F6-A57F-5ABD9991F28F}") = "LibPCM", "LibPCM\LibPCM.vbproj", "{27BDA1E0-7114-44A5-ABB6-EBA20015D03D}"
EndProject
Project("{F184B08F-C81C-45F6-A57F-5ABD9991F28F}") = "LibChemicalLicence", "LibChemicalLicence\LibChemicalLicence.vbproj", "{EF7269B6-C7AA-48E9-9636-6B7538441B77}"
EndProject
Project("{F184B08F-C81C-45F6-A57F-5ABD9991F28F}") = "LibManagementDefectQA", "LibManagementDefectQA\LibManagementDefectQA.vbproj", "{D062D855-5316-4EAC-A683-9751C620D2B5}"
EndProject
Project("{F184B08F-C81C-45F6-A57F-5ABD9991F28F}") = "DevReport", "LibTestData\DevReport\DevReport.vbproj", "{061449E4-897C-4881-AADA-F8F33080842C}"
EndProject
Project("{F184B08F-C81C-45F6-A57F-5ABD9991F28F}") = "LibPlanDetail", "LibPlanningDetail\LibPlanDetail.vbproj", "{A4172BEF-01B6-414E-9DED-A946989F03D9}"
EndProject
Project("{2150E333-8FDC-42A3-9474-1A3956D46DE8}") = "CIS", "CIS", "{B235053D-3757-4142-ACC9-047AFB13D2B3}"
EndProject
Project("{F184B08F-C81C-45F6-A57F-5ABD9991F28F}") = "LibCIS_Costing", "LibCIS_Costing\LibCIS_Costing.vbproj", "{9EECDAC3-DA8F-458E-9F7A-C73E6B087DAB}"
EndProject
Global
	GlobalSection(SolutionConfigurationPlatforms) = preSolution
		Debug|Any CPU = Debug|Any CPU
		Debug|Itanium = Debug|Itanium
		Debug|x64 = Debug|x64
		Debug|x86 = Debug|x86
		Release|Any CPU = Release|Any CPU
		Release|Itanium = Release|Itanium
		Release|x64 = Release|x64
		Release|x86 = Release|x86
	EndGlobalSection
	GlobalSection(ProjectConfigurationPlatforms) = postSolution
		{DC98D1AE-9F83-4CB9-B3CC-5D6A088EFF60}.Debug|Any CPU.ActiveCfg = Debug|Any CPU
		{DC98D1AE-9F83-4CB9-B3CC-5D6A088EFF60}.Debug|Any CPU.Build.0 = Debug|Any CPU
		{DC98D1AE-9F83-4CB9-B3CC-5D6A088EFF60}.Debug|Itanium.ActiveCfg = Debug|Itanium
		{DC98D1AE-9F83-4CB9-B3CC-5D6A088EFF60}.Debug|Itanium.Build.0 = Debug|Itanium
		{DC98D1AE-9F83-4CB9-B3CC-5D6A088EFF60}.Debug|x64.ActiveCfg = Debug|x64
		{DC98D1AE-9F83-4CB9-B3CC-5D6A088EFF60}.Debug|x64.Build.0 = Debug|x64
		{DC98D1AE-9F83-4CB9-B3CC-5D6A088EFF60}.Debug|x86.ActiveCfg = Debug|x86
		{DC98D1AE-9F83-4CB9-B3CC-5D6A088EFF60}.Debug|x86.Build.0 = Debug|x86
		{DC98D1AE-9F83-4CB9-B3CC-5D6A088EFF60}.Release|Any CPU.ActiveCfg = Release|Any CPU
		{DC98D1AE-9F83-4CB9-B3CC-5D6A088EFF60}.Release|Any CPU.Build.0 = Release|Any CPU
		{DC98D1AE-9F83-4CB9-B3CC-5D6A088EFF60}.Release|Itanium.ActiveCfg = Release|Itanium
		{DC98D1AE-9F83-4CB9-B3CC-5D6A088EFF60}.Release|Itanium.Build.0 = Release|Itanium
		{DC98D1AE-9F83-4CB9-B3CC-5D6A088EFF60}.Release|x64.ActiveCfg = Release|x64
		{DC98D1AE-9F83-4CB9-B3CC-5D6A088EFF60}.Release|x64.Build.0 = Release|x64
		{DC98D1AE-9F83-4CB9-B3CC-5D6A088EFF60}.Release|x86.ActiveCfg = Release|x86
		{DC98D1AE-9F83-4CB9-B3CC-5D6A088EFF60}.Release|x86.Build.0 = Release|x86
		{DB7E75FD-887E-4C54-A3C4-A42CFAEAC6F7}.Debug|Any CPU.ActiveCfg = Debug|Any CPU
		{DB7E75FD-887E-4C54-A3C4-A42CFAEAC6F7}.Debug|Any CPU.Build.0 = Debug|Any CPU
		{DB7E75FD-887E-4C54-A3C4-A42CFAEAC6F7}.Debug|Itanium.ActiveCfg = Debug|Itanium
		{DB7E75FD-887E-4C54-A3C4-A42CFAEAC6F7}.Debug|Itanium.Build.0 = Debug|Itanium
		{DB7E75FD-887E-4C54-A3C4-A42CFAEAC6F7}.Debug|x64.ActiveCfg = Debug|x64
		{DB7E75FD-887E-4C54-A3C4-A42CFAEAC6F7}.Debug|x64.Build.0 = Debug|x64
		{DB7E75FD-887E-4C54-A3C4-A42CFAEAC6F7}.Debug|x86.ActiveCfg = Debug|x86
		{DB7E75FD-887E-4C54-A3C4-A42CFAEAC6F7}.Debug|x86.Build.0 = Debug|x86
		{DB7E75FD-887E-4C54-A3C4-A42CFAEAC6F7}.Release|Any CPU.ActiveCfg = Release|Any CPU
		{DB7E75FD-887E-4C54-A3C4-A42CFAEAC6F7}.Release|Any CPU.Build.0 = Release|Any CPU
		{DB7E75FD-887E-4C54-A3C4-A42CFAEAC6F7}.Release|Itanium.ActiveCfg = Release|Itanium
		{DB7E75FD-887E-4C54-A3C4-A42CFAEAC6F7}.Release|Itanium.Build.0 = Release|Itanium
		{DB7E75FD-887E-4C54-A3C4-A42CFAEAC6F7}.Release|x64.ActiveCfg = Release|x64
		{DB7E75FD-887E-4C54-A3C4-A42CFAEAC6F7}.Release|x64.Build.0 = Release|x64
		{DB7E75FD-887E-4C54-A3C4-A42CFAEAC6F7}.Release|x86.ActiveCfg = Release|x86
		{DB7E75FD-887E-4C54-A3C4-A42CFAEAC6F7}.Release|x86.Build.0 = Release|x86
		{E0CD795E-43BF-4FF5-9605-563EB53E9BBF}.Debug|Any CPU.ActiveCfg = Debug|Any CPU
		{E0CD795E-43BF-4FF5-9605-563EB53E9BBF}.Debug|Any CPU.Build.0 = Debug|Any CPU
		{E0CD795E-43BF-4FF5-9605-563EB53E9BBF}.Debug|Itanium.ActiveCfg = Debug|Itanium
		{E0CD795E-43BF-4FF5-9605-563EB53E9BBF}.Debug|Itanium.Build.0 = Debug|Itanium
		{E0CD795E-43BF-4FF5-9605-563EB53E9BBF}.Debug|x64.ActiveCfg = Debug|x64
		{E0CD795E-43BF-4FF5-9605-563EB53E9BBF}.Debug|x64.Build.0 = Debug|x64
		{E0CD795E-43BF-4FF5-9605-563EB53E9BBF}.Debug|x86.ActiveCfg = Debug|x86
		{E0CD795E-43BF-4FF5-9605-563EB53E9BBF}.Debug|x86.Build.0 = Debug|x86
		{E0CD795E-43BF-4FF5-9605-563EB53E9BBF}.Release|Any CPU.ActiveCfg = Release|Any CPU
		{E0CD795E-43BF-4FF5-9605-563EB53E9BBF}.Release|Any CPU.Build.0 = Release|Any CPU
		{E0CD795E-43BF-4FF5-9605-563EB53E9BBF}.Release|Itanium.ActiveCfg = Release|Itanium
		{E0CD795E-43BF-4FF5-9605-563EB53E9BBF}.Release|Itanium.Build.0 = Release|Itanium
		{E0CD795E-43BF-4FF5-9605-563EB53E9BBF}.Release|x64.ActiveCfg = Release|x64
		{E0CD795E-43BF-4FF5-9605-563EB53E9BBF}.Release|x64.Build.0 = Release|x64
		{E0CD795E-43BF-4FF5-9605-563EB53E9BBF}.Release|x86.ActiveCfg = Release|x86
		{E0CD795E-43BF-4FF5-9605-563EB53E9BBF}.Release|x86.Build.0 = Release|x86
		{71BF981E-C557-4A74-8450-390C431F0223}.Debug|Any CPU.ActiveCfg = Debug|Any CPU
		{71BF981E-C557-4A74-8450-390C431F0223}.Debug|Any CPU.Build.0 = Debug|Any CPU
		{71BF981E-C557-4A74-8450-390C431F0223}.Debug|Itanium.ActiveCfg = Debug|Itanium
		{71BF981E-C557-4A74-8450-390C431F0223}.Debug|Itanium.Build.0 = Debug|Itanium
		{71BF981E-C557-4A74-8450-390C431F0223}.Debug|x64.ActiveCfg = Debug|x64
		{71BF981E-C557-4A74-8450-390C431F0223}.Debug|x64.Build.0 = Debug|x64
		{71BF981E-C557-4A74-8450-390C431F0223}.Debug|x86.ActiveCfg = Debug|x86
		{71BF981E-C557-4A74-8450-390C431F0223}.Debug|x86.Build.0 = Debug|x86
		{71BF981E-C557-4A74-8450-390C431F0223}.Release|Any CPU.ActiveCfg = Release|Any CPU
		{71BF981E-C557-4A74-8450-390C431F0223}.Release|Any CPU.Build.0 = Release|Any CPU
		{71BF981E-C557-4A74-8450-390C431F0223}.Release|Itanium.ActiveCfg = Release|Itanium
		{71BF981E-C557-4A74-8450-390C431F0223}.Release|Itanium.Build.0 = Release|Itanium
		{71BF981E-C557-4A74-8450-390C431F0223}.Release|x64.ActiveCfg = Release|x64
		{71BF981E-C557-4A74-8450-390C431F0223}.Release|x64.Build.0 = Release|x64
		{71BF981E-C557-4A74-8450-390C431F0223}.Release|x86.ActiveCfg = Release|x86
		{71BF981E-C557-4A74-8450-390C431F0223}.Release|x86.Build.0 = Release|x86
		{C8D9B253-BB8A-4180-B3E6-CA2254AA764F}.Debug|Any CPU.ActiveCfg = Debug|Any CPU
		{C8D9B253-BB8A-4180-B3E6-CA2254AA764F}.Debug|Any CPU.Build.0 = Debug|Any CPU
		{C8D9B253-BB8A-4180-B3E6-CA2254AA764F}.Debug|Itanium.ActiveCfg = Debug|Itanium
		{C8D9B253-BB8A-4180-B3E6-CA2254AA764F}.Debug|Itanium.Build.0 = Debug|Itanium
		{C8D9B253-BB8A-4180-B3E6-CA2254AA764F}.Debug|x64.ActiveCfg = Debug|x64
		{C8D9B253-BB8A-4180-B3E6-CA2254AA764F}.Debug|x64.Build.0 = Debug|x64
		{C8D9B253-BB8A-4180-B3E6-CA2254AA764F}.Debug|x86.ActiveCfg = Debug|x86
		{C8D9B253-BB8A-4180-B3E6-CA2254AA764F}.Debug|x86.Build.0 = Debug|x86
		{C8D9B253-BB8A-4180-B3E6-CA2254AA764F}.Release|Any CPU.ActiveCfg = Release|Any CPU
		{C8D9B253-BB8A-4180-B3E6-CA2254AA764F}.Release|Any CPU.Build.0 = Release|Any CPU
		{C8D9B253-BB8A-4180-B3E6-CA2254AA764F}.Release|Itanium.ActiveCfg = Release|Itanium
		{C8D9B253-BB8A-4180-B3E6-CA2254AA764F}.Release|Itanium.Build.0 = Release|Itanium
		{C8D9B253-BB8A-4180-B3E6-CA2254AA764F}.Release|x64.ActiveCfg = Release|x64
		{C8D9B253-BB8A-4180-B3E6-CA2254AA764F}.Release|x64.Build.0 = Release|x64
		{C8D9B253-BB8A-4180-B3E6-CA2254AA764F}.Release|x86.ActiveCfg = Release|x86
		{C8D9B253-BB8A-4180-B3E6-CA2254AA764F}.Release|x86.Build.0 = Release|x86
		{89915709-0AA9-4DB5-9D3E-4322B3C8BA73}.Debug|Any CPU.ActiveCfg = Debug|Any CPU
		{89915709-0AA9-4DB5-9D3E-4322B3C8BA73}.Debug|Any CPU.Build.0 = Debug|Any CPU
		{89915709-0AA9-4DB5-9D3E-4322B3C8BA73}.Debug|Itanium.ActiveCfg = Debug|Any CPU
		{89915709-0AA9-4DB5-9D3E-4322B3C8BA73}.Debug|Itanium.Build.0 = Debug|Any CPU
		{89915709-0AA9-4DB5-9D3E-4322B3C8BA73}.Debug|x64.ActiveCfg = Debug|Any CPU
		{89915709-0AA9-4DB5-9D3E-4322B3C8BA73}.Debug|x64.Build.0 = Debug|Any CPU
		{89915709-0AA9-4DB5-9D3E-4322B3C8BA73}.Debug|x86.ActiveCfg = Debug|Any CPU
		{89915709-0AA9-4DB5-9D3E-4322B3C8BA73}.Debug|x86.Build.0 = Debug|Any CPU
		{89915709-0AA9-4DB5-9D3E-4322B3C8BA73}.Release|Any CPU.ActiveCfg = Release|Any CPU
		{89915709-0AA9-4DB5-9D3E-4322B3C8BA73}.Release|Any CPU.Build.0 = Release|Any CPU
		{89915709-0AA9-4DB5-9D3E-4322B3C8BA73}.Release|Itanium.ActiveCfg = Release|Any CPU
		{89915709-0AA9-4DB5-9D3E-4322B3C8BA73}.Release|Itanium.Build.0 = Release|Any CPU
		{89915709-0AA9-4DB5-9D3E-4322B3C8BA73}.Release|x64.ActiveCfg = Release|Any CPU
		{89915709-0AA9-4DB5-9D3E-4322B3C8BA73}.Release|x64.Build.0 = Release|Any CPU
		{89915709-0AA9-4DB5-9D3E-4322B3C8BA73}.Release|x86.ActiveCfg = Release|Any CPU
		{89915709-0AA9-4DB5-9D3E-4322B3C8BA73}.Release|x86.Build.0 = Release|Any CPU
		{F3BAC8CC-1385-4157-9563-F808D1ED1C23}.Debug|Any CPU.ActiveCfg = Debug|Any CPU
		{F3BAC8CC-1385-4157-9563-F808D1ED1C23}.Debug|Any CPU.Build.0 = Debug|Any CPU
		{F3BAC8CC-1385-4157-9563-F808D1ED1C23}.Debug|Itanium.ActiveCfg = Debug|Any CPU
		{F3BAC8CC-1385-4157-9563-F808D1ED1C23}.Debug|Itanium.Build.0 = Debug|Any CPU
		{F3BAC8CC-1385-4157-9563-F808D1ED1C23}.Debug|x64.ActiveCfg = Debug|Any CPU
		{F3BAC8CC-1385-4157-9563-F808D1ED1C23}.Debug|x64.Build.0 = Debug|Any CPU
		{F3BAC8CC-1385-4157-9563-F808D1ED1C23}.Debug|x86.ActiveCfg = Debug|Any CPU
		{F3BAC8CC-1385-4157-9563-F808D1ED1C23}.Debug|x86.Build.0 = Debug|Any CPU
		{F3BAC8CC-1385-4157-9563-F808D1ED1C23}.Release|Any CPU.ActiveCfg = Release|Any CPU
		{F3BAC8CC-1385-4157-9563-F808D1ED1C23}.Release|Any CPU.Build.0 = Release|Any CPU
		{F3BAC8CC-1385-4157-9563-F808D1ED1C23}.Release|Itanium.ActiveCfg = Release|Any CPU
		{F3BAC8CC-1385-4157-9563-F808D1ED1C23}.Release|Itanium.Build.0 = Release|Any CPU
		{F3BAC8CC-1385-4157-9563-F808D1ED1C23}.Release|x64.ActiveCfg = Release|Any CPU
		{F3BAC8CC-1385-4157-9563-F808D1ED1C23}.Release|x64.Build.0 = Release|Any CPU
		{F3BAC8CC-1385-4157-9563-F808D1ED1C23}.Release|x86.ActiveCfg = Release|Any CPU
		{F3BAC8CC-1385-4157-9563-F808D1ED1C23}.Release|x86.Build.0 = Release|Any CPU
		{4BDA8E9D-DA83-498C-BC77-64DBB19B45B1}.Debug|Any CPU.ActiveCfg = Debug|Any CPU
		{4BDA8E9D-DA83-498C-BC77-64DBB19B45B1}.Debug|Any CPU.Build.0 = Debug|Any CPU
		{4BDA8E9D-DA83-498C-BC77-64DBB19B45B1}.Debug|Itanium.ActiveCfg = Debug|Any CPU
		{4BDA8E9D-DA83-498C-BC77-64DBB19B45B1}.Debug|Itanium.Build.0 = Debug|Any CPU
		{4BDA8E9D-DA83-498C-BC77-64DBB19B45B1}.Debug|x64.ActiveCfg = Debug|Any CPU
		{4BDA8E9D-DA83-498C-BC77-64DBB19B45B1}.Debug|x64.Build.0 = Debug|Any CPU
		{4BDA8E9D-DA83-498C-BC77-64DBB19B45B1}.Debug|x86.ActiveCfg = Debug|Any CPU
		{4BDA8E9D-DA83-498C-BC77-64DBB19B45B1}.Debug|x86.Build.0 = Debug|Any CPU
		{4BDA8E9D-DA83-498C-BC77-64DBB19B45B1}.Release|Any CPU.ActiveCfg = Release|Any CPU
		{4BDA8E9D-DA83-498C-BC77-64DBB19B45B1}.Release|Any CPU.Build.0 = Release|Any CPU
		{4BDA8E9D-DA83-498C-BC77-64DBB19B45B1}.Release|Itanium.ActiveCfg = Release|Any CPU
		{4BDA8E9D-DA83-498C-BC77-64DBB19B45B1}.Release|Itanium.Build.0 = Release|Any CPU
		{4BDA8E9D-DA83-498C-BC77-64DBB19B45B1}.Release|x64.ActiveCfg = Release|Any CPU
		{4BDA8E9D-DA83-498C-BC77-64DBB19B45B1}.Release|x64.Build.0 = Release|Any CPU
		{4BDA8E9D-DA83-498C-BC77-64DBB19B45B1}.Release|x86.ActiveCfg = Release|Any CPU
		{4BDA8E9D-DA83-498C-BC77-64DBB19B45B1}.Release|x86.Build.0 = Release|Any CPU
		{98F60A91-4EBE-47A9-9A79-2E40AF04EA25}.Debug|Any CPU.ActiveCfg = Debug|Any CPU
		{98F60A91-4EBE-47A9-9A79-2E40AF04EA25}.Debug|Any CPU.Build.0 = Debug|Any CPU
		{98F60A91-4EBE-47A9-9A79-2E40AF04EA25}.Debug|Itanium.ActiveCfg = Debug|Any CPU
		{98F60A91-4EBE-47A9-9A79-2E40AF04EA25}.Debug|Itanium.Build.0 = Debug|Any CPU
		{98F60A91-4EBE-47A9-9A79-2E40AF04EA25}.Debug|x64.ActiveCfg = Debug|Any CPU
		{98F60A91-4EBE-47A9-9A79-2E40AF04EA25}.Debug|x64.Build.0 = Debug|Any CPU
		{98F60A91-4EBE-47A9-9A79-2E40AF04EA25}.Debug|x86.ActiveCfg = Debug|x86
		{98F60A91-4EBE-47A9-9A79-2E40AF04EA25}.Debug|x86.Build.0 = Debug|x86
		{98F60A91-4EBE-47A9-9A79-2E40AF04EA25}.Release|Any CPU.ActiveCfg = Release|Any CPU
		{98F60A91-4EBE-47A9-9A79-2E40AF04EA25}.Release|Any CPU.Build.0 = Release|Any CPU
		{98F60A91-4EBE-47A9-9A79-2E40AF04EA25}.Release|Itanium.ActiveCfg = Release|Any CPU
		{98F60A91-4EBE-47A9-9A79-2E40AF04EA25}.Release|Itanium.Build.0 = Release|Any CPU
		{98F60A91-4EBE-47A9-9A79-2E40AF04EA25}.Release|x64.ActiveCfg = Release|Any CPU
		{98F60A91-4EBE-47A9-9A79-2E40AF04EA25}.Release|x64.Build.0 = Release|Any CPU
		{98F60A91-4EBE-47A9-9A79-2E40AF04EA25}.Release|x86.ActiveCfg = Release|x86
		{98F60A91-4EBE-47A9-9A79-2E40AF04EA25}.Release|x86.Build.0 = Release|x86
		{84AAA05B-8EA5-47EF-A242-16B4E962EB10}.Debug|Any CPU.ActiveCfg = Debug|Any CPU
		{84AAA05B-8EA5-47EF-A242-16B4E962EB10}.Debug|Any CPU.Build.0 = Debug|Any CPU
		{84AAA05B-8EA5-47EF-A242-16B4E962EB10}.Debug|Itanium.ActiveCfg = Debug|Any CPU
		{84AAA05B-8EA5-47EF-A242-16B4E962EB10}.Debug|Itanium.Build.0 = Debug|Any CPU
		{84AAA05B-8EA5-47EF-A242-16B4E962EB10}.Debug|x64.ActiveCfg = Debug|Any CPU
		{84AAA05B-8EA5-47EF-A242-16B4E962EB10}.Debug|x64.Build.0 = Debug|Any CPU
		{84AAA05B-8EA5-47EF-A242-16B4E962EB10}.Debug|x86.ActiveCfg = Debug|Any CPU
		{84AAA05B-8EA5-47EF-A242-16B4E962EB10}.Debug|x86.Build.0 = Debug|Any CPU
		{84AAA05B-8EA5-47EF-A242-16B4E962EB10}.Release|Any CPU.ActiveCfg = Release|Any CPU
		{84AAA05B-8EA5-47EF-A242-16B4E962EB10}.Release|Any CPU.Build.0 = Release|Any CPU
		{84AAA05B-8EA5-47EF-A242-16B4E962EB10}.Release|Itanium.ActiveCfg = Release|Any CPU
		{84AAA05B-8EA5-47EF-A242-16B4E962EB10}.Release|Itanium.Build.0 = Release|Any CPU
		{84AAA05B-8EA5-47EF-A242-16B4E962EB10}.Release|x64.ActiveCfg = Release|Any CPU
		{84AAA05B-8EA5-47EF-A242-16B4E962EB10}.Release|x64.Build.0 = Release|Any CPU
		{84AAA05B-8EA5-47EF-A242-16B4E962EB10}.Release|x86.ActiveCfg = Release|Any CPU
		{84AAA05B-8EA5-47EF-A242-16B4E962EB10}.Release|x86.Build.0 = Release|Any CPU
		{5A6E876B-843D-4A90-B95C-BB94BCA9CFB6}.Debug|Any CPU.ActiveCfg = Debug|Any CPU
		{5A6E876B-843D-4A90-B95C-BB94BCA9CFB6}.Debug|Any CPU.Build.0 = Debug|Any CPU
		{5A6E876B-843D-4A90-B95C-BB94BCA9CFB6}.Debug|Itanium.ActiveCfg = Debug|Any CPU
		{5A6E876B-843D-4A90-B95C-BB94BCA9CFB6}.Debug|Itanium.Build.0 = Debug|Any CPU
		{5A6E876B-843D-4A90-B95C-BB94BCA9CFB6}.Debug|x64.ActiveCfg = Debug|Any CPU
		{5A6E876B-843D-4A90-B95C-BB94BCA9CFB6}.Debug|x64.Build.0 = Debug|Any CPU
		{5A6E876B-843D-4A90-B95C-BB94BCA9CFB6}.Debug|x86.ActiveCfg = Debug|Any CPU
		{5A6E876B-843D-4A90-B95C-BB94BCA9CFB6}.Debug|x86.Build.0 = Debug|Any CPU
		{5A6E876B-843D-4A90-B95C-BB94BCA9CFB6}.Release|Any CPU.ActiveCfg = Release|Any CPU
		{5A6E876B-843D-4A90-B95C-BB94BCA9CFB6}.Release|Any CPU.Build.0 = Release|Any CPU
		{5A6E876B-843D-4A90-B95C-BB94BCA9CFB6}.Release|Itanium.ActiveCfg = Release|Any CPU
		{5A6E876B-843D-4A90-B95C-BB94BCA9CFB6}.Release|Itanium.Build.0 = Release|Any CPU
		{5A6E876B-843D-4A90-B95C-BB94BCA9CFB6}.Release|x64.ActiveCfg = Release|Any CPU
		{5A6E876B-843D-4A90-B95C-BB94BCA9CFB6}.Release|x64.Build.0 = Release|Any CPU
		{5A6E876B-843D-4A90-B95C-BB94BCA9CFB6}.Release|x86.ActiveCfg = Release|Any CPU
		{5A6E876B-843D-4A90-B95C-BB94BCA9CFB6}.Release|x86.Build.0 = Release|Any CPU
		{CC06AAE5-CA82-4BF4-8A33-5CB69641D550}.Debug|Any CPU.ActiveCfg = Debug|Any CPU
		{CC06AAE5-CA82-4BF4-8A33-5CB69641D550}.Debug|Any CPU.Build.0 = Debug|Any CPU
		{CC06AAE5-CA82-4BF4-8A33-5CB69641D550}.Debug|Itanium.ActiveCfg = Debug|Any CPU
		{CC06AAE5-CA82-4BF4-8A33-5CB69641D550}.Debug|Itanium.Build.0 = Debug|Any CPU
		{CC06AAE5-CA82-4BF4-8A33-5CB69641D550}.Debug|x64.ActiveCfg = Debug|Any CPU
		{CC06AAE5-CA82-4BF4-8A33-5CB69641D550}.Debug|x64.Build.0 = Debug|Any CPU
		{CC06AAE5-CA82-4BF4-8A33-5CB69641D550}.Debug|x86.ActiveCfg = Debug|x86
		{CC06AAE5-CA82-4BF4-8A33-5CB69641D550}.Debug|x86.Build.0 = Debug|x86
		{CC06AAE5-CA82-4BF4-8A33-5CB69641D550}.Release|Any CPU.ActiveCfg = Release|Any CPU
		{CC06AAE5-CA82-4BF4-8A33-5CB69641D550}.Release|Any CPU.Build.0 = Release|Any CPU
		{CC06AAE5-CA82-4BF4-8A33-5CB69641D550}.Release|Itanium.ActiveCfg = Release|Any CPU
		{CC06AAE5-CA82-4BF4-8A33-5CB69641D550}.Release|Itanium.Build.0 = Release|Any CPU
		{CC06AAE5-CA82-4BF4-8A33-5CB69641D550}.Release|x64.ActiveCfg = Release|Any CPU
		{CC06AAE5-CA82-4BF4-8A33-5CB69641D550}.Release|x64.Build.0 = Release|Any CPU
		{CC06AAE5-CA82-4BF4-8A33-5CB69641D550}.Release|x86.ActiveCfg = Release|x86
		{CC06AAE5-CA82-4BF4-8A33-5CB69641D550}.Release|x86.Build.0 = Release|x86
		{B4EEB962-4D67-4781-97D7-B60F11DC3E04}.Debug|Any CPU.ActiveCfg = Debug|Any CPU
		{B4EEB962-4D67-4781-97D7-B60F11DC3E04}.Debug|Any CPU.Build.0 = Debug|Any CPU
		{B4EEB962-4D67-4781-97D7-B60F11DC3E04}.Debug|Itanium.ActiveCfg = Debug|Any CPU
		{B4EEB962-4D67-4781-97D7-B60F11DC3E04}.Debug|Itanium.Build.0 = Debug|Any CPU
		{B4EEB962-4D67-4781-97D7-B60F11DC3E04}.Debug|x64.ActiveCfg = Debug|Any CPU
		{B4EEB962-4D67-4781-97D7-B60F11DC3E04}.Debug|x64.Build.0 = Debug|Any CPU
		{B4EEB962-4D67-4781-97D7-B60F11DC3E04}.Debug|x86.ActiveCfg = Debug|Any CPU
		{B4EEB962-4D67-4781-97D7-B60F11DC3E04}.Debug|x86.Build.0 = Debug|Any CPU
		{B4EEB962-4D67-4781-97D7-B60F11DC3E04}.Release|Any CPU.ActiveCfg = Release|Any CPU
		{B4EEB962-4D67-4781-97D7-B60F11DC3E04}.Release|Any CPU.Build.0 = Release|Any CPU
		{B4EEB962-4D67-4781-97D7-B60F11DC3E04}.Release|Itanium.ActiveCfg = Release|Any CPU
		{B4EEB962-4D67-4781-97D7-B60F11DC3E04}.Release|Itanium.Build.0 = Release|Any CPU
		{B4EEB962-4D67-4781-97D7-B60F11DC3E04}.Release|x64.ActiveCfg = Release|Any CPU
		{B4EEB962-4D67-4781-97D7-B60F11DC3E04}.Release|x64.Build.0 = Release|Any CPU
		{B4EEB962-4D67-4781-97D7-B60F11DC3E04}.Release|x86.ActiveCfg = Release|Any CPU
		{B4EEB962-4D67-4781-97D7-B60F11DC3E04}.Release|x86.Build.0 = Release|Any CPU
		{7E023FB5-D419-45C1-8DE6-7DE9FD676059}.Debug|Any CPU.ActiveCfg = Debug|Any CPU
		{7E023FB5-D419-45C1-8DE6-7DE9FD676059}.Debug|Any CPU.Build.0 = Debug|Any CPU
		{7E023FB5-D419-45C1-8DE6-7DE9FD676059}.Debug|Itanium.ActiveCfg = Debug|Any CPU
		{7E023FB5-D419-45C1-8DE6-7DE9FD676059}.Debug|Itanium.Build.0 = Debug|Any CPU
		{7E023FB5-D419-45C1-8DE6-7DE9FD676059}.Debug|x64.ActiveCfg = Debug|Any CPU
		{7E023FB5-D419-45C1-8DE6-7DE9FD676059}.Debug|x64.Build.0 = Debug|Any CPU
		{7E023FB5-D419-45C1-8DE6-7DE9FD676059}.Debug|x86.ActiveCfg = Debug|Any CPU
		{7E023FB5-D419-45C1-8DE6-7DE9FD676059}.Debug|x86.Build.0 = Debug|Any CPU
		{7E023FB5-D419-45C1-8DE6-7DE9FD676059}.Release|Any CPU.ActiveCfg = Release|Any CPU
		{7E023FB5-D419-45C1-8DE6-7DE9FD676059}.Release|Any CPU.Build.0 = Release|Any CPU
		{7E023FB5-D419-45C1-8DE6-7DE9FD676059}.Release|Itanium.ActiveCfg = Release|Any CPU
		{7E023FB5-D419-45C1-8DE6-7DE9FD676059}.Release|Itanium.Build.0 = Release|Any CPU
		{7E023FB5-D419-45C1-8DE6-7DE9FD676059}.Release|x64.ActiveCfg = Release|Any CPU
		{7E023FB5-D419-45C1-8DE6-7DE9FD676059}.Release|x64.Build.0 = Release|Any CPU
		{7E023FB5-D419-45C1-8DE6-7DE9FD676059}.Release|x86.ActiveCfg = Release|Any CPU
		{7E023FB5-D419-45C1-8DE6-7DE9FD676059}.Release|x86.Build.0 = Release|Any CPU
		{978686D0-FFD8-4168-82BD-D8DAEB11C69E}.Debug|Any CPU.ActiveCfg = Debug|Any CPU
		{978686D0-FFD8-4168-82BD-D8DAEB11C69E}.Debug|Any CPU.Build.0 = Debug|Any CPU
		{978686D0-FFD8-4168-82BD-D8DAEB11C69E}.Debug|Itanium.ActiveCfg = Debug|Any CPU
		{978686D0-FFD8-4168-82BD-D8DAEB11C69E}.Debug|Itanium.Build.0 = Debug|Any CPU
		{978686D0-FFD8-4168-82BD-D8DAEB11C69E}.Debug|x64.ActiveCfg = Debug|Any CPU
		{978686D0-FFD8-4168-82BD-D8DAEB11C69E}.Debug|x64.Build.0 = Debug|Any CPU
		{978686D0-FFD8-4168-82BD-D8DAEB11C69E}.Debug|x86.ActiveCfg = Debug|Any CPU
		{978686D0-FFD8-4168-82BD-D8DAEB11C69E}.Debug|x86.Build.0 = Debug|Any CPU
		{978686D0-FFD8-4168-82BD-D8DAEB11C69E}.Release|Any CPU.ActiveCfg = Release|Any CPU
		{978686D0-FFD8-4168-82BD-D8DAEB11C69E}.Release|Any CPU.Build.0 = Release|Any CPU
		{978686D0-FFD8-4168-82BD-D8DAEB11C69E}.Release|Itanium.ActiveCfg = Release|Any CPU
		{978686D0-FFD8-4168-82BD-D8DAEB11C69E}.Release|Itanium.Build.0 = Release|Any CPU
		{978686D0-FFD8-4168-82BD-D8DAEB11C69E}.Release|x64.ActiveCfg = Release|Any CPU
		{978686D0-FFD8-4168-82BD-D8DAEB11C69E}.Release|x64.Build.0 = Release|Any CPU
		{978686D0-FFD8-4168-82BD-D8DAEB11C69E}.Release|x86.ActiveCfg = Release|Any CPU
		{978686D0-FFD8-4168-82BD-D8DAEB11C69E}.Release|x86.Build.0 = Release|Any CPU
		{22CF95E1-6354-4D5C-A71A-9732F808F5BD}.Debug|Any CPU.ActiveCfg = Debug|Any CPU
		{22CF95E1-6354-4D5C-A71A-9732F808F5BD}.Debug|Any CPU.Build.0 = Debug|Any CPU
		{22CF95E1-6354-4D5C-A71A-9732F808F5BD}.Debug|Itanium.ActiveCfg = Debug|Any CPU
		{22CF95E1-6354-4D5C-A71A-9732F808F5BD}.Debug|Itanium.Build.0 = Debug|Any CPU
		{22CF95E1-6354-4D5C-A71A-9732F808F5BD}.Debug|x64.ActiveCfg = Debug|Any CPU
		{22CF95E1-6354-4D5C-A71A-9732F808F5BD}.Debug|x64.Build.0 = Debug|Any CPU
		{22CF95E1-6354-4D5C-A71A-9732F808F5BD}.Debug|x86.ActiveCfg = Debug|Any CPU
		{22CF95E1-6354-4D5C-A71A-9732F808F5BD}.Debug|x86.Build.0 = Debug|Any CPU
		{22CF95E1-6354-4D5C-A71A-9732F808F5BD}.Release|Any CPU.ActiveCfg = Release|Any CPU
		{22CF95E1-6354-4D5C-A71A-9732F808F5BD}.Release|Any CPU.Build.0 = Release|Any CPU
		{22CF95E1-6354-4D5C-A71A-9732F808F5BD}.Release|Itanium.ActiveCfg = Release|Any CPU
		{22CF95E1-6354-4D5C-A71A-9732F808F5BD}.Release|Itanium.Build.0 = Release|Any CPU
		{22CF95E1-6354-4D5C-A71A-9732F808F5BD}.Release|x64.ActiveCfg = Release|Any CPU
		{22CF95E1-6354-4D5C-A71A-9732F808F5BD}.Release|x64.Build.0 = Release|Any CPU
		{22CF95E1-6354-4D5C-A71A-9732F808F5BD}.Release|x86.ActiveCfg = Release|Any CPU
		{22CF95E1-6354-4D5C-A71A-9732F808F5BD}.Release|x86.Build.0 = Release|Any CPU
		{D4AD0079-D9E8-419A-9DD4-F20BF4D49DCC}.Debug|Any CPU.ActiveCfg = Debug|Any CPU
		{D4AD0079-D9E8-419A-9DD4-F20BF4D49DCC}.Debug|Any CPU.Build.0 = Debug|Any CPU
		{D4AD0079-D9E8-419A-9DD4-F20BF4D49DCC}.Debug|Itanium.ActiveCfg = Debug|Any CPU
		{D4AD0079-D9E8-419A-9DD4-F20BF4D49DCC}.Debug|Itanium.Build.0 = Debug|Any CPU
		{D4AD0079-D9E8-419A-9DD4-F20BF4D49DCC}.Debug|x64.ActiveCfg = Debug|Any CPU
		{D4AD0079-D9E8-419A-9DD4-F20BF4D49DCC}.Debug|x64.Build.0 = Debug|Any CPU
		{D4AD0079-D9E8-419A-9DD4-F20BF4D49DCC}.Debug|x86.ActiveCfg = Debug|x86
		{D4AD0079-D9E8-419A-9DD4-F20BF4D49DCC}.Debug|x86.Build.0 = Debug|x86
		{D4AD0079-D9E8-419A-9DD4-F20BF4D49DCC}.Release|Any CPU.ActiveCfg = Release|Any CPU
		{D4AD0079-D9E8-419A-9DD4-F20BF4D49DCC}.Release|Any CPU.Build.0 = Release|Any CPU
		{D4AD0079-D9E8-419A-9DD4-F20BF4D49DCC}.Release|Itanium.ActiveCfg = Release|Any CPU
		{D4AD0079-D9E8-419A-9DD4-F20BF4D49DCC}.Release|Itanium.Build.0 = Release|Any CPU
		{D4AD0079-D9E8-419A-9DD4-F20BF4D49DCC}.Release|x64.ActiveCfg = Release|Any CPU
		{D4AD0079-D9E8-419A-9DD4-F20BF4D49DCC}.Release|x64.Build.0 = Release|Any CPU
		{D4AD0079-D9E8-419A-9DD4-F20BF4D49DCC}.Release|x86.ActiveCfg = Release|x86
		{D4AD0079-D9E8-419A-9DD4-F20BF4D49DCC}.Release|x86.Build.0 = Release|x86
		{7A4FD928-B1DB-4BEE-9596-B95595999AE4}.Debug|Any CPU.ActiveCfg = Debug|Any CPU
		{7A4FD928-B1DB-4BEE-9596-B95595999AE4}.Debug|Any CPU.Build.0 = Debug|Any CPU
		{7A4FD928-B1DB-4BEE-9596-B95595999AE4}.Debug|Itanium.ActiveCfg = Debug|Any CPU
		{7A4FD928-B1DB-4BEE-9596-B95595999AE4}.Debug|Itanium.Build.0 = Debug|Any CPU
		{7A4FD928-B1DB-4BEE-9596-B95595999AE4}.Debug|x64.ActiveCfg = Debug|Any CPU
		{7A4FD928-B1DB-4BEE-9596-B95595999AE4}.Debug|x64.Build.0 = Debug|Any CPU
		{7A4FD928-B1DB-4BEE-9596-B95595999AE4}.Debug|x86.ActiveCfg = Debug|x86
		{7A4FD928-B1DB-4BEE-9596-B95595999AE4}.Debug|x86.Build.0 = Debug|x86
		{7A4FD928-B1DB-4BEE-9596-B95595999AE4}.Release|Any CPU.ActiveCfg = Release|Any CPU
		{7A4FD928-B1DB-4BEE-9596-B95595999AE4}.Release|Any CPU.Build.0 = Release|Any CPU
		{7A4FD928-B1DB-4BEE-9596-B95595999AE4}.Release|Itanium.ActiveCfg = Release|Any CPU
		{7A4FD928-B1DB-4BEE-9596-B95595999AE4}.Release|Itanium.Build.0 = Release|Any CPU
		{7A4FD928-B1DB-4BEE-9596-B95595999AE4}.Release|x64.ActiveCfg = Release|Any CPU
		{7A4FD928-B1DB-4BEE-9596-B95595999AE4}.Release|x64.Build.0 = Release|Any CPU
		{7A4FD928-B1DB-4BEE-9596-B95595999AE4}.Release|x86.ActiveCfg = Release|x86
		{7A4FD928-B1DB-4BEE-9596-B95595999AE4}.Release|x86.Build.0 = Release|x86
		{9ABFA20B-536B-49B2-AB0B-8A5471DFE244}.Debug|Any CPU.ActiveCfg = Debug|Any CPU
		{9ABFA20B-536B-49B2-AB0B-8A5471DFE244}.Debug|Any CPU.Build.0 = Debug|Any CPU
		{9ABFA20B-536B-49B2-AB0B-8A5471DFE244}.Debug|Itanium.ActiveCfg = Debug|Any CPU
		{9ABFA20B-536B-49B2-AB0B-8A5471DFE244}.Debug|Itanium.Build.0 = Debug|Any CPU
		{9ABFA20B-536B-49B2-AB0B-8A5471DFE244}.Debug|x64.ActiveCfg = Debug|Any CPU
		{9ABFA20B-536B-49B2-AB0B-8A5471DFE244}.Debug|x64.Build.0 = Debug|Any CPU
		{9ABFA20B-536B-49B2-AB0B-8A5471DFE244}.Debug|x86.ActiveCfg = Debug|Any CPU
		{9ABFA20B-536B-49B2-AB0B-8A5471DFE244}.Debug|x86.Build.0 = Debug|Any CPU
		{9ABFA20B-536B-49B2-AB0B-8A5471DFE244}.Release|Any CPU.ActiveCfg = Release|Any CPU
		{9ABFA20B-536B-49B2-AB0B-8A5471DFE244}.Release|Any CPU.Build.0 = Release|Any CPU
		{9ABFA20B-536B-49B2-AB0B-8A5471DFE244}.Release|Itanium.ActiveCfg = Release|Any CPU
		{9ABFA20B-536B-49B2-AB0B-8A5471DFE244}.Release|Itanium.Build.0 = Release|Any CPU
		{9ABFA20B-536B-49B2-AB0B-8A5471DFE244}.Release|x64.ActiveCfg = Release|Any CPU
		{9ABFA20B-536B-49B2-AB0B-8A5471DFE244}.Release|x64.Build.0 = Release|Any CPU
		{9ABFA20B-536B-49B2-AB0B-8A5471DFE244}.Release|x86.ActiveCfg = Release|Any CPU
		{9ABFA20B-536B-49B2-AB0B-8A5471DFE244}.Release|x86.Build.0 = Release|Any CPU
		{D96E7253-54F5-4E56-A70F-273C12AA6BA2}.Debug|Any CPU.ActiveCfg = Debug|Any CPU
		{D96E7253-54F5-4E56-A70F-273C12AA6BA2}.Debug|Any CPU.Build.0 = Debug|Any CPU
		{D96E7253-54F5-4E56-A70F-273C12AA6BA2}.Debug|Itanium.ActiveCfg = Debug|Any CPU
		{D96E7253-54F5-4E56-A70F-273C12AA6BA2}.Debug|Itanium.Build.0 = Debug|Any CPU
		{D96E7253-54F5-4E56-A70F-273C12AA6BA2}.Debug|x64.ActiveCfg = Debug|Any CPU
		{D96E7253-54F5-4E56-A70F-273C12AA6BA2}.Debug|x64.Build.0 = Debug|Any CPU
		{D96E7253-54F5-4E56-A70F-273C12AA6BA2}.Debug|x86.ActiveCfg = Debug|x86
		{D96E7253-54F5-4E56-A70F-273C12AA6BA2}.Debug|x86.Build.0 = Debug|x86
		{D96E7253-54F5-4E56-A70F-273C12AA6BA2}.Release|Any CPU.ActiveCfg = Release|Any CPU
		{D96E7253-54F5-4E56-A70F-273C12AA6BA2}.Release|Any CPU.Build.0 = Release|Any CPU
		{D96E7253-54F5-4E56-A70F-273C12AA6BA2}.Release|Itanium.ActiveCfg = Release|Any CPU
		{D96E7253-54F5-4E56-A70F-273C12AA6BA2}.Release|Itanium.Build.0 = Release|Any CPU
		{D96E7253-54F5-4E56-A70F-273C12AA6BA2}.Release|x64.ActiveCfg = Release|Any CPU
		{D96E7253-54F5-4E56-A70F-273C12AA6BA2}.Release|x64.Build.0 = Release|Any CPU
		{D96E7253-54F5-4E56-A70F-273C12AA6BA2}.Release|x86.ActiveCfg = Release|x86
		{D96E7253-54F5-4E56-A70F-273C12AA6BA2}.Release|x86.Build.0 = Release|x86
		{29839992-6631-4437-A565-4B05126F1121}.Debug|Any CPU.ActiveCfg = Debug|Any CPU
		{29839992-6631-4437-A565-4B05126F1121}.Debug|Any CPU.Build.0 = Debug|Any CPU
		{29839992-6631-4437-A565-4B05126F1121}.Debug|Itanium.ActiveCfg = Debug|Any CPU
		{29839992-6631-4437-A565-4B05126F1121}.Debug|Itanium.Build.0 = Debug|Any CPU
		{29839992-6631-4437-A565-4B05126F1121}.Debug|x64.ActiveCfg = Debug|Any CPU
		{29839992-6631-4437-A565-4B05126F1121}.Debug|x64.Build.0 = Debug|Any CPU
		{29839992-6631-4437-A565-4B05126F1121}.Debug|x86.ActiveCfg = Debug|x86
		{29839992-6631-4437-A565-4B05126F1121}.Debug|x86.Build.0 = Debug|x86
		{29839992-6631-4437-A565-4B05126F1121}.Release|Any CPU.ActiveCfg = Release|Any CPU
		{29839992-6631-4437-A565-4B05126F1121}.Release|Any CPU.Build.0 = Release|Any CPU
		{29839992-6631-4437-A565-4B05126F1121}.Release|Itanium.ActiveCfg = Release|Any CPU
		{29839992-6631-4437-A565-4B05126F1121}.Release|Itanium.Build.0 = Release|Any CPU
		{29839992-6631-4437-A565-4B05126F1121}.Release|x64.ActiveCfg = Release|Any CPU
		{29839992-6631-4437-A565-4B05126F1121}.Release|x64.Build.0 = Release|Any CPU
		{29839992-6631-4437-A565-4B05126F1121}.Release|x86.ActiveCfg = Release|x86
		{29839992-6631-4437-A565-4B05126F1121}.Release|x86.Build.0 = Release|x86
		{721F3242-3133-4976-BF73-59B9D3324D66}.Debug|Any CPU.ActiveCfg = Debug|Any CPU
		{721F3242-3133-4976-BF73-59B9D3324D66}.Debug|Any CPU.Build.0 = Debug|Any CPU
		{721F3242-3133-4976-BF73-59B9D3324D66}.Debug|Itanium.ActiveCfg = Debug|Any CPU
		{721F3242-3133-4976-BF73-59B9D3324D66}.Debug|Itanium.Build.0 = Debug|Any CPU
		{721F3242-3133-4976-BF73-59B9D3324D66}.Debug|x64.ActiveCfg = Debug|Any CPU
		{721F3242-3133-4976-BF73-59B9D3324D66}.Debug|x64.Build.0 = Debug|Any CPU
		{721F3242-3133-4976-BF73-59B9D3324D66}.Debug|x86.ActiveCfg = Debug|Any CPU
		{721F3242-3133-4976-BF73-59B9D3324D66}.Debug|x86.Build.0 = Debug|Any CPU
		{721F3242-3133-4976-BF73-59B9D3324D66}.Release|Any CPU.ActiveCfg = Release|Any CPU
		{721F3242-3133-4976-BF73-59B9D3324D66}.Release|Any CPU.Build.0 = Release|Any CPU
		{721F3242-3133-4976-BF73-59B9D3324D66}.Release|Itanium.ActiveCfg = Release|Any CPU
		{721F3242-3133-4976-BF73-59B9D3324D66}.Release|Itanium.Build.0 = Release|Any CPU
		{721F3242-3133-4976-BF73-59B9D3324D66}.Release|x64.ActiveCfg = Release|Any CPU
		{721F3242-3133-4976-BF73-59B9D3324D66}.Release|x64.Build.0 = Release|Any CPU
		{721F3242-3133-4976-BF73-59B9D3324D66}.Release|x86.ActiveCfg = Release|Any CPU
		{721F3242-3133-4976-BF73-59B9D3324D66}.Release|x86.Build.0 = Release|Any CPU
		{432A9D30-FF3A-44E4-85B6-70780DEF9784}.Debug|Any CPU.ActiveCfg = Debug|Any CPU
		{432A9D30-FF3A-44E4-85B6-70780DEF9784}.Debug|Any CPU.Build.0 = Debug|Any CPU
		{432A9D30-FF3A-44E4-85B6-70780DEF9784}.Debug|Itanium.ActiveCfg = Debug|Any CPU
		{432A9D30-FF3A-44E4-85B6-70780DEF9784}.Debug|Itanium.Build.0 = Debug|Any CPU
		{432A9D30-FF3A-44E4-85B6-70780DEF9784}.Debug|x64.ActiveCfg = Debug|Any CPU
		{432A9D30-FF3A-44E4-85B6-70780DEF9784}.Debug|x64.Build.0 = Debug|Any CPU
		{432A9D30-FF3A-44E4-85B6-70780DEF9784}.Debug|x86.ActiveCfg = Debug|x86
		{432A9D30-FF3A-44E4-85B6-70780DEF9784}.Debug|x86.Build.0 = Debug|x86
		{432A9D30-FF3A-44E4-85B6-70780DEF9784}.Release|Any CPU.ActiveCfg = Release|Any CPU
		{432A9D30-FF3A-44E4-85B6-70780DEF9784}.Release|Any CPU.Build.0 = Release|Any CPU
		{432A9D30-FF3A-44E4-85B6-70780DEF9784}.Release|Itanium.ActiveCfg = Release|Any CPU
		{432A9D30-FF3A-44E4-85B6-70780DEF9784}.Release|Itanium.Build.0 = Release|Any CPU
		{432A9D30-FF3A-44E4-85B6-70780DEF9784}.Release|x64.ActiveCfg = Release|Any CPU
		{432A9D30-FF3A-44E4-85B6-70780DEF9784}.Release|x64.Build.0 = Release|Any CPU
		{432A9D30-FF3A-44E4-85B6-70780DEF9784}.Release|x86.ActiveCfg = Release|x86
		{432A9D30-FF3A-44E4-85B6-70780DEF9784}.Release|x86.Build.0 = Release|x86
		{FFE54EBF-D8C1-4F4C-B455-3756CE47FBBF}.Debug|Any CPU.ActiveCfg = Debug|Any CPU
		{FFE54EBF-D8C1-4F4C-B455-3756CE47FBBF}.Debug|Any CPU.Build.0 = Debug|Any CPU
		{FFE54EBF-D8C1-4F4C-B455-3756CE47FBBF}.Debug|Itanium.ActiveCfg = Debug|Any CPU
		{FFE54EBF-D8C1-4F4C-B455-3756CE47FBBF}.Debug|Itanium.Build.0 = Debug|Any CPU
		{FFE54EBF-D8C1-4F4C-B455-3756CE47FBBF}.Debug|x64.ActiveCfg = Debug|Any CPU
		{FFE54EBF-D8C1-4F4C-B455-3756CE47FBBF}.Debug|x64.Build.0 = Debug|Any CPU
		{FFE54EBF-D8C1-4F4C-B455-3756CE47FBBF}.Debug|x86.ActiveCfg = Debug|x86
		{FFE54EBF-D8C1-4F4C-B455-3756CE47FBBF}.Debug|x86.Build.0 = Debug|x86
		{FFE54EBF-D8C1-4F4C-B455-3756CE47FBBF}.Release|Any CPU.ActiveCfg = Release|Any CPU
		{FFE54EBF-D8C1-4F4C-B455-3756CE47FBBF}.Release|Any CPU.Build.0 = Release|Any CPU
		{FFE54EBF-D8C1-4F4C-B455-3756CE47FBBF}.Release|Itanium.ActiveCfg = Release|Any CPU
		{FFE54EBF-D8C1-4F4C-B455-3756CE47FBBF}.Release|Itanium.Build.0 = Release|Any CPU
		{FFE54EBF-D8C1-4F4C-B455-3756CE47FBBF}.Release|x64.ActiveCfg = Release|Any CPU
		{FFE54EBF-D8C1-4F4C-B455-3756CE47FBBF}.Release|x64.Build.0 = Release|Any CPU
		{FFE54EBF-D8C1-4F4C-B455-3756CE47FBBF}.Release|x86.ActiveCfg = Release|x86
		{FFE54EBF-D8C1-4F4C-B455-3756CE47FBBF}.Release|x86.Build.0 = Release|x86
		{4DC892C3-5617-4445-8995-25C6C6AE6219}.Debug|Any CPU.ActiveCfg = Debug|Any CPU
		{4DC892C3-5617-4445-8995-25C6C6AE6219}.Debug|Any CPU.Build.0 = Debug|Any CPU
		{4DC892C3-5617-4445-8995-25C6C6AE6219}.Debug|Itanium.ActiveCfg = Debug|Any CPU
		{4DC892C3-5617-4445-8995-25C6C6AE6219}.Debug|Itanium.Build.0 = Debug|Any CPU
		{4DC892C3-5617-4445-8995-25C6C6AE6219}.Debug|x64.ActiveCfg = Debug|Any CPU
		{4DC892C3-5617-4445-8995-25C6C6AE6219}.Debug|x64.Build.0 = Debug|Any CPU
		{4DC892C3-5617-4445-8995-25C6C6AE6219}.Debug|x86.ActiveCfg = Debug|Any CPU
		{4DC892C3-5617-4445-8995-25C6C6AE6219}.Debug|x86.Build.0 = Debug|Any CPU
		{4DC892C3-5617-4445-8995-25C6C6AE6219}.Release|Any CPU.ActiveCfg = Release|Any CPU
		{4DC892C3-5617-4445-8995-25C6C6AE6219}.Release|Any CPU.Build.0 = Release|Any CPU
		{4DC892C3-5617-4445-8995-25C6C6AE6219}.Release|Itanium.ActiveCfg = Release|Any CPU
		{4DC892C3-5617-4445-8995-25C6C6AE6219}.Release|Itanium.Build.0 = Release|Any CPU
		{4DC892C3-5617-4445-8995-25C6C6AE6219}.Release|x64.ActiveCfg = Release|Any CPU
		{4DC892C3-5617-4445-8995-25C6C6AE6219}.Release|x64.Build.0 = Release|Any CPU
		{4DC892C3-5617-4445-8995-25C6C6AE6219}.Release|x86.ActiveCfg = Release|Any CPU
		{4DC892C3-5617-4445-8995-25C6C6AE6219}.Release|x86.Build.0 = Release|Any CPU
		{27BDA1E0-7114-44A5-ABB6-EBA20015D03D}.Debug|Any CPU.ActiveCfg = Debug|Any CPU
		{27BDA1E0-7114-44A5-ABB6-EBA20015D03D}.Debug|Any CPU.Build.0 = Debug|Any CPU
		{27BDA1E0-7114-44A5-ABB6-EBA20015D03D}.Debug|Itanium.ActiveCfg = Debug|Any CPU
		{27BDA1E0-7114-44A5-ABB6-EBA20015D03D}.Debug|Itanium.Build.0 = Debug|Any CPU
		{27BDA1E0-7114-44A5-ABB6-EBA20015D03D}.Debug|x64.ActiveCfg = Debug|Any CPU
		{27BDA1E0-7114-44A5-ABB6-EBA20015D03D}.Debug|x64.Build.0 = Debug|Any CPU
		{27BDA1E0-7114-44A5-ABB6-EBA20015D03D}.Debug|x86.ActiveCfg = Debug|x86
		{27BDA1E0-7114-44A5-ABB6-EBA20015D03D}.Debug|x86.Build.0 = Debug|x86
		{27BDA1E0-7114-44A5-ABB6-EBA20015D03D}.Release|Any CPU.ActiveCfg = Release|Any CPU
		{27BDA1E0-7114-44A5-ABB6-EBA20015D03D}.Release|Any CPU.Build.0 = Release|Any CPU
		{27BDA1E0-7114-44A5-ABB6-EBA20015D03D}.Release|Itanium.ActiveCfg = Release|Any CPU
		{27BDA1E0-7114-44A5-ABB6-EBA20015D03D}.Release|Itanium.Build.0 = Release|Any CPU
		{27BDA1E0-7114-44A5-ABB6-EBA20015D03D}.Release|x64.ActiveCfg = Release|Any CPU
		{27BDA1E0-7114-44A5-ABB6-EBA20015D03D}.Release|x64.Build.0 = Release|Any CPU
		{27BDA1E0-7114-44A5-ABB6-EBA20015D03D}.Release|x86.ActiveCfg = Release|x86
		{27BDA1E0-7114-44A5-ABB6-EBA20015D03D}.Release|x86.Build.0 = Release|x86
		{EF7269B6-C7AA-48E9-9636-6B7538441B77}.Debug|Any CPU.ActiveCfg = Debug|Any CPU
		{EF7269B6-C7AA-48E9-9636-6B7538441B77}.Debug|Any CPU.Build.0 = Debug|Any CPU
		{EF7269B6-C7AA-48E9-9636-6B7538441B77}.Debug|Itanium.ActiveCfg = Debug|Any CPU
		{EF7269B6-C7AA-48E9-9636-6B7538441B77}.Debug|Itanium.Build.0 = Debug|Any CPU
		{EF7269B6-C7AA-48E9-9636-6B7538441B77}.Debug|x64.ActiveCfg = Debug|Any CPU
		{EF7269B6-C7AA-48E9-9636-6B7538441B77}.Debug|x64.Build.0 = Debug|Any CPU
		{EF7269B6-C7AA-48E9-9636-6B7538441B77}.Debug|x86.ActiveCfg = Debug|Any CPU
		{EF7269B6-C7AA-48E9-9636-6B7538441B77}.Debug|x86.Build.0 = Debug|Any CPU
		{EF7269B6-C7AA-48E9-9636-6B7538441B77}.Release|Any CPU.ActiveCfg = Release|Any CPU
		{EF7269B6-C7AA-48E9-9636-6B7538441B77}.Release|Any CPU.Build.0 = Release|Any CPU
		{EF7269B6-C7AA-48E9-9636-6B7538441B77}.Release|Itanium.ActiveCfg = Release|Any CPU
		{EF7269B6-C7AA-48E9-9636-6B7538441B77}.Release|Itanium.Build.0 = Release|Any CPU
		{EF7269B6-C7AA-48E9-9636-6B7538441B77}.Release|x64.ActiveCfg = Release|Any CPU
		{EF7269B6-C7AA-48E9-9636-6B7538441B77}.Release|x64.Build.0 = Release|Any CPU
		{EF7269B6-C7AA-48E9-9636-6B7538441B77}.Release|x86.ActiveCfg = Release|Any CPU
		{EF7269B6-C7AA-48E9-9636-6B7538441B77}.Release|x86.Build.0 = Release|Any CPU
		{D062D855-5316-4EAC-A683-9751C620D2B5}.Debug|Any CPU.ActiveCfg = Debug|Any CPU
		{D062D855-5316-4EAC-A683-9751C620D2B5}.Debug|Any CPU.Build.0 = Debug|Any CPU
		{D062D855-5316-4EAC-A683-9751C620D2B5}.Debug|Itanium.ActiveCfg = Debug|Any CPU
		{D062D855-5316-4EAC-A683-9751C620D2B5}.Debug|Itanium.Build.0 = Debug|Any CPU
		{D062D855-5316-4EAC-A683-9751C620D2B5}.Debug|x64.ActiveCfg = Debug|Any CPU
		{D062D855-5316-4EAC-A683-9751C620D2B5}.Debug|x64.Build.0 = Debug|Any CPU
		{D062D855-5316-4EAC-A683-9751C620D2B5}.Debug|x86.ActiveCfg = Debug|x86
		{D062D855-5316-4EAC-A683-9751C620D2B5}.Debug|x86.Build.0 = Debug|x86
		{D062D855-5316-4EAC-A683-9751C620D2B5}.Release|Any CPU.ActiveCfg = Release|Any CPU
		{D062D855-5316-4EAC-A683-9751C620D2B5}.Release|Any CPU.Build.0 = Release|Any CPU
		{D062D855-5316-4EAC-A683-9751C620D2B5}.Release|Itanium.ActiveCfg = Release|Any CPU
		{D062D855-5316-4EAC-A683-9751C620D2B5}.Release|Itanium.Build.0 = Release|Any CPU
		{D062D855-5316-4EAC-A683-9751C620D2B5}.Release|x64.ActiveCfg = Release|Any CPU
		{D062D855-5316-4EAC-A683-9751C620D2B5}.Release|x64.Build.0 = Release|Any CPU
		{D062D855-5316-4EAC-A683-9751C620D2B5}.Release|x86.ActiveCfg = Release|x86
		{D062D855-5316-4EAC-A683-9751C620D2B5}.Release|x86.Build.0 = Release|x86
		{061449E4-897C-4881-AADA-F8F33080842C}.Debug|Any CPU.ActiveCfg = Debug|Any CPU
		{061449E4-897C-4881-AADA-F8F33080842C}.Debug|Any CPU.Build.0 = Debug|Any CPU
		{061449E4-897C-4881-AADA-F8F33080842C}.Debug|Itanium.ActiveCfg = Debug|Any CPU
		{061449E4-897C-4881-AADA-F8F33080842C}.Debug|Itanium.Build.0 = Debug|Any CPU
		{061449E4-897C-4881-AADA-F8F33080842C}.Debug|x64.ActiveCfg = Debug|Any CPU
		{061449E4-897C-4881-AADA-F8F33080842C}.Debug|x64.Build.0 = Debug|Any CPU
		{061449E4-897C-4881-AADA-F8F33080842C}.Debug|x86.ActiveCfg = Debug|Any CPU
		{061449E4-897C-4881-AADA-F8F33080842C}.Debug|x86.Build.0 = Debug|Any CPU
		{061449E4-897C-4881-AADA-F8F33080842C}.Release|Any CPU.ActiveCfg = Release|Any CPU
		{061449E4-897C-4881-AADA-F8F33080842C}.Release|Any CPU.Build.0 = Release|Any CPU
		{061449E4-897C-4881-AADA-F8F33080842C}.Release|Itanium.ActiveCfg = Release|Any CPU
		{061449E4-897C-4881-AADA-F8F33080842C}.Release|Itanium.Build.0 = Release|Any CPU
		{061449E4-897C-4881-AADA-F8F33080842C}.Release|x64.ActiveCfg = Release|Any CPU
		{061449E4-897C-4881-AADA-F8F33080842C}.Release|x64.Build.0 = Release|Any CPU
		{061449E4-897C-4881-AADA-F8F33080842C}.Release|x86.ActiveCfg = Release|Any CPU
		{061449E4-897C-4881-AADA-F8F33080842C}.Release|x86.Build.0 = Release|Any CPU
		{A4172BEF-01B6-414E-9DED-A946989F03D9}.Debug|Any CPU.ActiveCfg = Debug|Any CPU
		{A4172BEF-01B6-414E-9DED-A946989F03D9}.Debug|Any CPU.Build.0 = Debug|Any CPU
		{A4172BEF-01B6-414E-9DED-A946989F03D9}.Debug|Itanium.ActiveCfg = Debug|Any CPU
		{A4172BEF-01B6-414E-9DED-A946989F03D9}.Debug|Itanium.Build.0 = Debug|Any CPU
		{A4172BEF-01B6-414E-9DED-A946989F03D9}.Debug|x64.ActiveCfg = Debug|Any CPU
		{A4172BEF-01B6-414E-9DED-A946989F03D9}.Debug|x64.Build.0 = Debug|Any CPU
		{A4172BEF-01B6-414E-9DED-A946989F03D9}.Debug|x86.ActiveCfg = Debug|x86
		{A4172BEF-01B6-414E-9DED-A946989F03D9}.Debug|x86.Build.0 = Debug|x86
		{A4172BEF-01B6-414E-9DED-A946989F03D9}.Release|Any CPU.ActiveCfg = Release|Any CPU
		{A4172BEF-01B6-414E-9DED-A946989F03D9}.Release|Any CPU.Build.0 = Release|Any CPU
		{A4172BEF-01B6-414E-9DED-A946989F03D9}.Release|Itanium.ActiveCfg = Release|Any CPU
		{A4172BEF-01B6-414E-9DED-A946989F03D9}.Release|Itanium.Build.0 = Release|Any CPU
		{A4172BEF-01B6-414E-9DED-A946989F03D9}.Release|x64.ActiveCfg = Release|Any CPU
		{A4172BEF-01B6-414E-9DED-A946989F03D9}.Release|x64.Build.0 = Release|Any CPU
		{A4172BEF-01B6-414E-9DED-A946989F03D9}.Release|x86.ActiveCfg = Release|x86
		{A4172BEF-01B6-414E-9DED-A946989F03D9}.Release|x86.Build.0 = Release|x86
		{9EECDAC3-DA8F-458E-9F7A-C73E6B087DAB}.Debug|Any CPU.ActiveCfg = Debug|Any CPU
		{9EECDAC3-DA8F-458E-9F7A-C73E6B087DAB}.Debug|Any CPU.Build.0 = Debug|Any CPU
		{9EECDAC3-DA8F-458E-9F7A-C73E6B087DAB}.Debug|Itanium.ActiveCfg = Debug|Any CPU
		{9EECDAC3-DA8F-458E-9F7A-C73E6B087DAB}.Debug|Itanium.Build.0 = Debug|Any CPU
		{9EECDAC3-DA8F-458E-9F7A-C73E6B087DAB}.Debug|x64.ActiveCfg = Debug|Any CPU
		{9EECDAC3-DA8F-458E-9F7A-C73E6B087DAB}.Debug|x64.Build.0 = Debug|Any CPU
		{9EECDAC3-DA8F-458E-9F7A-C73E6B087DAB}.Debug|x86.ActiveCfg = Debug|Any CPU
		{9EECDAC3-DA8F-458E-9F7A-C73E6B087DAB}.Debug|x86.Build.0 = Debug|Any CPU
		{9EECDAC3-DA8F-458E-9F7A-C73E6B087DAB}.Release|Any CPU.ActiveCfg = Release|Any CPU
		{9EECDAC3-DA8F-458E-9F7A-C73E6B087DAB}.Release|Any CPU.Build.0 = Release|Any CPU
		{9EECDAC3-DA8F-458E-9F7A-C73E6B087DAB}.Release|Itanium.ActiveCfg = Release|Any CPU
		{9EECDAC3-DA8F-458E-9F7A-C73E6B087DAB}.Release|Itanium.Build.0 = Release|Any CPU
		{9EECDAC3-DA8F-458E-9F7A-C73E6B087DAB}.Release|x64.ActiveCfg = Release|Any CPU
		{9EECDAC3-DA8F-458E-9F7A-C73E6B087DAB}.Release|x64.Build.0 = Release|Any CPU
		{9EECDAC3-DA8F-458E-9F7A-C73E6B087DAB}.Release|x86.ActiveCfg = Release|Any CPU
		{9EECDAC3-DA8F-458E-9F7A-C73E6B087DAB}.Release|x86.Build.0 = Release|Any CPU
	EndGlobalSection
	GlobalSection(SolutionProperties) = preSolution
		HideSolutionNode = FALSE
	EndGlobalSection
	GlobalSection(NestedProjects) = preSolution
		{DC98D1AE-9F83-4CB9-B3CC-5D6A088EFF60} = {1CDC0817-D563-4B29-8247-B90DFB18D251}
		{DB7E75FD-887E-4C54-A3C4-A42CFAEAC6F7} = {1CDC0817-D563-4B29-8247-B90DFB18D251}
		{E0CD795E-43BF-4FF5-9605-563EB53E9BBF} = {1CDC0817-D563-4B29-8247-B90DFB18D251}
		{71BF981E-C557-4A74-8450-390C431F0223} = {1CDC0817-D563-4B29-8247-B90DFB18D251}
		{C8D9B253-BB8A-4180-B3E6-CA2254AA764F} = {1CDC0817-D563-4B29-8247-B90DFB18D251}
		{89915709-0AA9-4DB5-9D3E-4322B3C8BA73} = {3EAD4200-5202-448A-9247-4D8FCED7B431}
		{F3BAC8CC-1385-4157-9563-F808D1ED1C23} = {3EAD4200-5202-448A-9247-4D8FCED7B431}
		{4BDA8E9D-DA83-498C-BC77-64DBB19B45B1} = {3EAD4200-5202-448A-9247-4D8FCED7B431}
		{98F60A91-4EBE-47A9-9A79-2E40AF04EA25} = {3EAD4200-5202-448A-9247-4D8FCED7B431}
		{84AAA05B-8EA5-47EF-A242-16B4E962EB10} = {E1B220F6-60B6-4BED-8D53-F9FDB80BF8A6}
		{5A6E876B-843D-4A90-B95C-BB94BCA9CFB6} = {E1B220F6-60B6-4BED-8D53-F9FDB80BF8A6}
		{CC06AAE5-CA82-4BF4-8A33-5CB69641D550} = {F17AF5E4-1A10-440E-9B6C-DAD2C7F1E2C4}
		{B4EEB962-4D67-4781-97D7-B60F11DC3E04} = {F17AF5E4-1A10-440E-9B6C-DAD2C7F1E2C4}
		{7E023FB5-D419-45C1-8DE6-7DE9FD676059} = {0F68B197-CCB9-4F09-988C-7182BB03EBA3}
		{978686D0-FFD8-4168-82BD-D8DAEB11C69E} = {0F68B197-CCB9-4F09-988C-7182BB03EBA3}
		{22CF95E1-6354-4D5C-A71A-9732F808F5BD} = {0F68B197-CCB9-4F09-988C-7182BB03EBA3}
		{D4AD0079-D9E8-419A-9DD4-F20BF4D49DCC} = {C6581AE2-4734-4993-B1EB-E77DED912F47}
		{7A4FD928-B1DB-4BEE-9596-B95595999AE4} = {9F86CDC4-1D20-477A-8BB1-FDF9270910D7}
		{9ABFA20B-536B-49B2-AB0B-8A5471DFE244} = {9F86CDC4-1D20-477A-8BB1-FDF9270910D7}
		{D96E7253-54F5-4E56-A70F-273C12AA6BA2} = {2B850E64-6F12-4790-9CF6-67FC304E7D4C}
		{29839992-6631-4437-A565-4B05126F1121} = {2B850E64-6F12-4790-9CF6-67FC304E7D4C}
		{721F3242-3133-4976-BF73-59B9D3324D66} = {2B850E64-6F12-4790-9CF6-67FC304E7D4C}
		{432A9D30-FF3A-44E4-85B6-70780DEF9784} = {2B850E64-6F12-4790-9CF6-67FC304E7D4C}
		{FFE54EBF-D8C1-4F4C-B455-3756CE47FBBF} = {51431909-4654-435D-BFC1-A917AB0953EC}
		{4DC892C3-5617-4445-8995-25C6C6AE6219} = {51431909-4654-435D-BFC1-A917AB0953EC}
		{27BDA1E0-7114-44A5-ABB6-EBA20015D03D} = {F86F7EF3-DDC1-4A05-BB1E-69F87308161D}
		{EF7269B6-C7AA-48E9-9636-6B7538441B77} = {F86F7EF3-DDC1-4A05-BB1E-69F87308161D}
		{D062D855-5316-4EAC-A683-9751C620D2B5} = {51431909-4654-435D-BFC1-A917AB0953EC}
		{A4172BEF-01B6-414E-9DED-A946989F03D9} = {9F86CDC4-1D20-477A-8BB1-FDF9270910D7}
		{9EECDAC3-DA8F-458E-9F7A-C73E6B087DAB} = {B235053D-3757-4142-ACC9-047AFB13D2B3}
	EndGlobalSection
	GlobalSection(ExtensibilityGlobals) = postSolution
		SolutionGuid = {33A9C837-8885-4ACA-89AD-0CC6A3CDFE78}
	EndGlobalSection
EndGlobal
